
Microsoft Visual Studio Solution File, Format Version 12.00
# Visual Studio Version 17
VisualStudioVersion = 17.0.31919.166
MinimumVisualStudioVersion = 10.0.40219.1
Project("{2150E333-8FDC-42A3-9474-1A3956D46DE8}") = "Orders", "Orders", "{B47F6A9B-F21A-4C1A-B84F-FD2B5640D754}"
EndProject
Project("{2150E333-8FDC-42A3-9474-1A3956D46DE8}") = "Catalog", "Catalog", "{A4943239-B9B2-428B-903F-79726855A247}"
EndProject
Project("{2150E333-8FDC-42A3-9474-1A3956D46DE8}") = "Support", "Support", "{3A812B96-97FD-43FA-AC80-05159601365D}"
EndProject
Project("{9A19103F-16F7-4668-BE54-9A1E7A4F7556}") = "Orders.Startup", "Orders\Orders.Startup\Orders.Startup.csproj", "{B4F233B0-D0CC-49F3-895F-43390C94A450}"
EndProject
Project("{9A19103F-16F7-4668-BE54-9A1E7A4F7556}") = "Catalog.Startup", "Catalog\Catalog.Startup\Catalog.Startup.csproj", "{5A73FB2C-5B7F-4E4B-A8E4-B6CDC8D61023}"
EndProject
Project("{9A19103F-16F7-4668-BE54-9A1E7A4F7556}") = "Support.Startup", "Support\Support.Startup\Support.Startup.csproj", "{40ECC4AF-70D7-413D-9441-D3A46DFA7578}"
EndProject
Project("{9A19103F-16F7-4668-BE54-9A1E7A4F7556}") = "Support.Domain", "Support\Support.Domain\Support.Domain.csproj", "{9F562BC2-A58F-4848-9CCA-A59D7745A0B6}"
EndProject
Project("{9A19103F-16F7-4668-BE54-9A1E7A4F7556}") = "Support.Application", "Support\Support.Application\Support.Application.csproj", "{FDD88953-227D-4B58-AD52-5E31DEB5A182}"
EndProject
Project("{9A19103F-16F7-4668-BE54-9A1E7A4F7556}") = "Support.Web", "Support\Support.Web\Support.Web.csproj", "{BC8258F4-4ED1-4810-9CAD-BAF3D251BA5E}"
EndProject
Project("{9A19103F-16F7-4668-BE54-9A1E7A4F7556}") = "Support.Infrastructure", "Support\Support.Infrastructure\Support.Infrastructure.csproj", "{FA7B3DED-5D12-45BF-8DF2-18386C75065B}"
EndProject
Project("{9A19103F-16F7-4668-BE54-9A1E7A4F7556}") = "Orders.Infrastructure", "Orders\Orders.Infrastructure\Orders.Infrastructure.csproj", "{49D2BEF6-B09D-4A94-98B6-08EC9DB77329}"
EndProject
Project("{9A19103F-16F7-4668-BE54-9A1E7A4F7556}") = "Orders.Web", "Orders\Orders.Web\Orders.Web.csproj", "{DB7EADCA-E2AE-498D-A810-0F0DB8AFB5AD}"
EndProject
Project("{9A19103F-16F7-4668-BE54-9A1E7A4F7556}") = "Orders.Domain", "Orders\Orders.Domain\Orders.Domain.csproj", "{4F82FDAE-157F-4E26-8345-9E78400B9E18}"
EndProject
Project("{9A19103F-16F7-4668-BE54-9A1E7A4F7556}") = "Catalog.Domain", "Catalog\Catalog.Domain\Catalog.Domain.csproj", "{CF5292B8-222F-4202-9296-6248F91D5233}"
EndProject
Project("{9A19103F-16F7-4668-BE54-9A1E7A4F7556}") = "Orders.Application", "Orders\Orders.Application\Orders.Application.csproj", "{E3DE8AF3-1AB9-452D-9ADD-3EEDEF0BFE34}"
EndProject
Project("{9A19103F-16F7-4668-BE54-9A1E7A4F7556}") = "Catalog.Application", "Catalog\Catalog.Application\Catalog.Application.csproj", "{D03D9C77-8518-47C1-8F2E-D6317F94740A}"
EndProject
Project("{9A19103F-16F7-4668-BE54-9A1E7A4F7556}") = "Catalog.Web", "Catalog\Catalog.Web\Catalog.Web.csproj", "{6AE48DEC-5125-4B97-B629-7F37029B156D}"
EndProject
Project("{9A19103F-16F7-4668-BE54-9A1E7A4F7556}") = "Catalog.Infrastructure", "Catalog\Catalog.Infrastructure\Catalog.Infrastructure.csproj", "{FEE6D154-FD5E-4DCF-939E-AC7B1ABF5F45}"
EndProject
Project("{2150E333-8FDC-42A3-9474-1A3956D46DE8}") = "Common", "Common", "{8EB05CEB-119C-4C36-8EBE-40F21DBF24A2}"
EndProject
Project("{9A19103F-16F7-4668-BE54-9A1E7A4F7556}") = "Common.Domain", "Common\Common.Domain\Common.Domain.csproj", "{DEE4756F-CD3C-4E6A-BFB6-730B214D531E}"
EndProject
Project("{9A19103F-16F7-4668-BE54-9A1E7A4F7556}") = "Common.Infrastructure", "Common\Common.Infrastructure\Common.Infrastructure.csproj", "{D1257355-0076-4322-9DE9-9E3BFC0E1AFA}"
EndProject
Project("{9A19103F-16F7-4668-BE54-9A1E7A4F7556}") = "Common.Application", "Common\Common.Application\Common.Application.csproj", "{CD4723F4-D03A-4424-8E4F-EE82B862055E}"
EndProject
Project("{9A19103F-16F7-4668-BE54-9A1E7A4F7556}") = "Common.Web", "Common\Common.Web\Common.Web.csproj", "{946AABC9-6BAE-4BC4-A377-8E59670072C2}"
EndProject
Project("{2150E333-8FDC-42A3-9474-1A3956D46DE8}") = "Identity", "Identity", "{C54C1C35-9C67-4194-8829-FD042CD29FFB}"
EndProject
Project("{9A19103F-16F7-4668-BE54-9A1E7A4F7556}") = "Identity.Startup", "Identity\Identity.Startup\Identity.Startup.csproj", "{699FFEA1-F0A3-467D-AE3A-C2CAFCAB3B39}"
EndProject
Project("{9A19103F-16F7-4668-BE54-9A1E7A4F7556}") = "Identity.Application", "Identity\Identity.Application\Identity.Application.csproj", "{36422E36-AA8E-4F82-AD47-A9F539E7E777}"
EndProject
Project("{9A19103F-16F7-4668-BE54-9A1E7A4F7556}") = "Identity.Web", "Identity\Identity.Web\Identity.Web.csproj", "{C6EDD167-BCB5-4A09-A682-62EBD2678E61}"
EndProject
Project("{9A19103F-16F7-4668-BE54-9A1E7A4F7556}") = "Identity.Infrastructure", "Identity\Identity.Infrastructure\Identity.Infrastructure.csproj", "{C9511937-DAC7-4ACB-9AB4-D7605B61B2F6}"
EndProject
Project("{2150E333-8FDC-42A3-9474-1A3956D46DE8}") = "Solution Items", "Solution Items", "{A457C0CD-6769-4917-94D0-860B5960CEF7}"
	ProjectSection(SolutionItems) = preProject
		.editorconfig = .editorconfig
	EndProjectSection
EndProject
Global
	GlobalSection(SolutionConfigurationPlatforms) = preSolution
		Debug|Any CPU = Debug|Any CPU
		Release|Any CPU = Release|Any CPU
	EndGlobalSection
	GlobalSection(ProjectConfigurationPlatforms) = postSolution
		{B4F233B0-D0CC-49F3-895F-43390C94A450}.Debug|Any CPU.ActiveCfg = Debug|Any CPU
		{B4F233B0-D0CC-49F3-895F-43390C94A450}.Debug|Any CPU.Build.0 = Debug|Any CPU
		{B4F233B0-D0CC-49F3-895F-43390C94A450}.Release|Any CPU.ActiveCfg = Release|Any CPU
		{B4F233B0-D0CC-49F3-895F-43390C94A450}.Release|Any CPU.Build.0 = Release|Any CPU
		{5A73FB2C-5B7F-4E4B-A8E4-B6CDC8D61023}.Debug|Any CPU.ActiveCfg = Debug|Any CPU
		{5A73FB2C-5B7F-4E4B-A8E4-B6CDC8D61023}.Debug|Any CPU.Build.0 = Debug|Any CPU
		{5A73FB2C-5B7F-4E4B-A8E4-B6CDC8D61023}.Release|Any CPU.ActiveCfg = Release|Any CPU
		{5A73FB2C-5B7F-4E4B-A8E4-B6CDC8D61023}.Release|Any CPU.Build.0 = Release|Any CPU
		{40ECC4AF-70D7-413D-9441-D3A46DFA7578}.Debug|Any CPU.ActiveCfg = Debug|Any CPU
		{40ECC4AF-70D7-413D-9441-D3A46DFA7578}.Debug|Any CPU.Build.0 = Debug|Any CPU
		{40ECC4AF-70D7-413D-9441-D3A46DFA7578}.Release|Any CPU.ActiveCfg = Release|Any CPU
		{40ECC4AF-70D7-413D-9441-D3A46DFA7578}.Release|Any CPU.Build.0 = Release|Any CPU
		{9F562BC2-A58F-4848-9CCA-A59D7745A0B6}.Debug|Any CPU.ActiveCfg = Debug|Any CPU
		{9F562BC2-A58F-4848-9CCA-A59D7745A0B6}.Debug|Any CPU.Build.0 = Debug|Any CPU
		{9F562BC2-A58F-4848-9CCA-A59D7745A0B6}.Release|Any CPU.ActiveCfg = Release|Any CPU
		{9F562BC2-A58F-4848-9CCA-A59D7745A0B6}.Release|Any CPU.Build.0 = Release|Any CPU
		{FDD88953-227D-4B58-AD52-5E31DEB5A182}.Debug|Any CPU.ActiveCfg = Debug|Any CPU
		{FDD88953-227D-4B58-AD52-5E31DEB5A182}.Debug|Any CPU.Build.0 = Debug|Any CPU
		{FDD88953-227D-4B58-AD52-5E31DEB5A182}.Release|Any CPU.ActiveCfg = Release|Any CPU
		{FDD88953-227D-4B58-AD52-5E31DEB5A182}.Release|Any CPU.Build.0 = Release|Any CPU
		{BC8258F4-4ED1-4810-9CAD-BAF3D251BA5E}.Debug|Any CPU.ActiveCfg = Debug|Any CPU
		{BC8258F4-4ED1-4810-9CAD-BAF3D251BA5E}.Debug|Any CPU.Build.0 = Debug|Any CPU
		{BC8258F4-4ED1-4810-9CAD-BAF3D251BA5E}.Release|Any CPU.ActiveCfg = Release|Any CPU
		{BC8258F4-4ED1-4810-9CAD-BAF3D251BA5E}.Release|Any CPU.Build.0 = Release|Any CPU
		{FA7B3DED-5D12-45BF-8DF2-18386C75065B}.Debug|Any CPU.ActiveCfg = Debug|Any CPU
		{FA7B3DED-5D12-45BF-8DF2-18386C75065B}.Debug|Any CPU.Build.0 = Debug|Any CPU
		{FA7B3DED-5D12-45BF-8DF2-18386C75065B}.Release|Any CPU.ActiveCfg = Release|Any CPU
		{FA7B3DED-5D12-45BF-8DF2-18386C75065B}.Release|Any CPU.Build.0 = Release|Any CPU
		{49D2BEF6-B09D-4A94-98B6-08EC9DB77329}.Debug|Any CPU.ActiveCfg = Debug|Any CPU
		{49D2BEF6-B09D-4A94-98B6-08EC9DB77329}.Debug|Any CPU.Build.0 = Debug|Any CPU
		{49D2BEF6-B09D-4A94-98B6-08EC9DB77329}.Release|Any CPU.ActiveCfg = Release|Any CPU
		{49D2BEF6-B09D-4A94-98B6-08EC9DB77329}.Release|Any CPU.Build.0 = Release|Any CPU
		{DB7EADCA-E2AE-498D-A810-0F0DB8AFB5AD}.Debug|Any CPU.ActiveCfg = Debug|Any CPU
		{DB7EADCA-E2AE-498D-A810-0F0DB8AFB5AD}.Debug|Any CPU.Build.0 = Debug|Any CPU
		{DB7EADCA-E2AE-498D-A810-0F0DB8AFB5AD}.Release|Any CPU.ActiveCfg = Release|Any CPU
		{DB7EADCA-E2AE-498D-A810-0F0DB8AFB5AD}.Release|Any CPU.Build.0 = Release|Any CPU
		{4F82FDAE-157F-4E26-8345-9E78400B9E18}.Debug|Any CPU.ActiveCfg = Debug|Any CPU
		{4F82FDAE-157F-4E26-8345-9E78400B9E18}.Debug|Any CPU.Build.0 = Debug|Any CPU
		{4F82FDAE-157F-4E26-8345-9E78400B9E18}.Release|Any CPU.ActiveCfg = Release|Any CPU
		{4F82FDAE-157F-4E26-8345-9E78400B9E18}.Release|Any CPU.Build.0 = Release|Any CPU
		{CF5292B8-222F-4202-9296-6248F91D5233}.Debug|Any CPU.ActiveCfg = Debug|Any CPU
		{CF5292B8-222F-4202-9296-6248F91D5233}.Debug|Any CPU.Build.0 = Debug|Any CPU
		{CF5292B8-222F-4202-9296-6248F91D5233}.Release|Any CPU.ActiveCfg = Release|Any CPU
		{CF5292B8-222F-4202-9296-6248F91D5233}.Release|Any CPU.Build.0 = Release|Any CPU
		{E3DE8AF3-1AB9-452D-9ADD-3EEDEF0BFE34}.Debug|Any CPU.ActiveCfg = Debug|Any CPU
		{E3DE8AF3-1AB9-452D-9ADD-3EEDEF0BFE34}.Debug|Any CPU.Build.0 = Debug|Any CPU
		{E3DE8AF3-1AB9-452D-9ADD-3EEDEF0BFE34}.Release|Any CPU.ActiveCfg = Release|Any CPU
		{E3DE8AF3-1AB9-452D-9ADD-3EEDEF0BFE34}.Release|Any CPU.Build.0 = Release|Any CPU
		{D03D9C77-8518-47C1-8F2E-D6317F94740A}.Debug|Any CPU.ActiveCfg = Debug|Any CPU
		{D03D9C77-8518-47C1-8F2E-D6317F94740A}.Debug|Any CPU.Build.0 = Debug|Any CPU
		{D03D9C77-8518-47C1-8F2E-D6317F94740A}.Release|Any CPU.ActiveCfg = Release|Any CPU
		{D03D9C77-8518-47C1-8F2E-D6317F94740A}.Release|Any CPU.Build.0 = Release|Any CPU
		{6AE48DEC-5125-4B97-B629-7F37029B156D}.Debug|Any CPU.ActiveCfg = Debug|Any CPU
		{6AE48DEC-5125-4B97-B629-7F37029B156D}.Debug|Any CPU.Build.0 = Debug|Any CPU
		{6AE48DEC-5125-4B97-B629-7F37029B156D}.Release|Any CPU.ActiveCfg = Release|Any CPU
		{6AE48DEC-5125-4B97-B629-7F37029B156D}.Release|Any CPU.Build.0 = Release|Any CPU
		{FEE6D154-FD5E-4DCF-939E-AC7B1ABF5F45}.Debug|Any CPU.ActiveCfg = Debug|Any CPU
		{FEE6D154-FD5E-4DCF-939E-AC7B1ABF5F45}.Debug|Any CPU.Build.0 = Debug|Any CPU
		{FEE6D154-FD5E-4DCF-939E-AC7B1ABF5F45}.Release|Any CPU.ActiveCfg = Release|Any CPU
		{FEE6D154-FD5E-4DCF-939E-AC7B1ABF5F45}.Release|Any CPU.Build.0 = Release|Any CPU
		{DEE4756F-CD3C-4E6A-BFB6-730B214D531E}.Debug|Any CPU.ActiveCfg = Debug|Any CPU
		{DEE4756F-CD3C-4E6A-BFB6-730B214D531E}.Debug|Any CPU.Build.0 = Debug|Any CPU
		{DEE4756F-CD3C-4E6A-BFB6-730B214D531E}.Release|Any CPU.ActiveCfg = Release|Any CPU
		{DEE4756F-CD3C-4E6A-BFB6-730B214D531E}.Release|Any CPU.Build.0 = Release|Any CPU
		{D1257355-0076-4322-9DE9-9E3BFC0E1AFA}.Debug|Any CPU.ActiveCfg = Debug|Any CPU
		{D1257355-0076-4322-9DE9-9E3BFC0E1AFA}.Debug|Any CPU.Build.0 = Debug|Any CPU
		{D1257355-0076-4322-9DE9-9E3BFC0E1AFA}.Release|Any CPU.ActiveCfg = Release|Any CPU
		{D1257355-0076-4322-9DE9-9E3BFC0E1AFA}.Release|Any CPU.Build.0 = Release|Any CPU
		{CD4723F4-D03A-4424-8E4F-EE82B862055E}.Debug|Any CPU.ActiveCfg = Debug|Any CPU
		{CD4723F4-D03A-4424-8E4F-EE82B862055E}.Debug|Any CPU.Build.0 = Debug|Any CPU
		{CD4723F4-D03A-4424-8E4F-EE82B862055E}.Release|Any CPU.ActiveCfg = Release|Any CPU
		{CD4723F4-D03A-4424-8E4F-EE82B862055E}.Release|Any CPU.Build.0 = Release|Any CPU
		{946AABC9-6BAE-4BC4-A377-8E59670072C2}.Debug|Any CPU.ActiveCfg = Debug|Any CPU
		{946AABC9-6BAE-4BC4-A377-8E59670072C2}.Debug|Any CPU.Build.0 = Debug|Any CPU
		{946AABC9-6BAE-4BC4-A377-8E59670072C2}.Release|Any CPU.ActiveCfg = Release|Any CPU
		{946AABC9-6BAE-4BC4-A377-8E59670072C2}.Release|Any CPU.Build.0 = Release|Any CPU
		{699FFEA1-F0A3-467D-AE3A-C2CAFCAB3B39}.Debug|Any CPU.ActiveCfg = Debug|Any CPU
		{699FFEA1-F0A3-467D-AE3A-C2CAFCAB3B39}.Debug|Any CPU.Build.0 = Debug|Any CPU
		{699FFEA1-F0A3-467D-AE3A-C2CAFCAB3B39}.Release|Any CPU.ActiveCfg = Release|Any CPU
		{699FFEA1-F0A3-467D-AE3A-C2CAFCAB3B39}.Release|Any CPU.Build.0 = Release|Any CPU
		{36422E36-AA8E-4F82-AD47-A9F539E7E777}.Debug|Any CPU.ActiveCfg = Debug|Any CPU
		{36422E36-AA8E-4F82-AD47-A9F539E7E777}.Debug|Any CPU.Build.0 = Debug|Any CPU
		{36422E36-AA8E-4F82-AD47-A9F539E7E777}.Release|Any CPU.ActiveCfg = Release|Any CPU
		{36422E36-AA8E-4F82-AD47-A9F539E7E777}.Release|Any CPU.Build.0 = Release|Any CPU
		{C6EDD167-BCB5-4A09-A682-62EBD2678E61}.Debug|Any CPU.ActiveCfg = Debug|Any CPU
		{C6EDD167-BCB5-4A09-A682-62EBD2678E61}.Debug|Any CPU.Build.0 = Debug|Any CPU
		{C6EDD167-BCB5-4A09-A682-62EBD2678E61}.Release|Any CPU.ActiveCfg = Release|Any CPU
		{C6EDD167-BCB5-4A09-A682-62EBD2678E61}.Release|Any CPU.Build.0 = Release|Any CPU
		{C9511937-DAC7-4ACB-9AB4-D7605B61B2F6}.Debug|Any CPU.ActiveCfg = Debug|Any CPU
		{C9511937-DAC7-4ACB-9AB4-D7605B61B2F6}.Debug|Any CPU.Build.0 = Debug|Any CPU
		{C9511937-DAC7-4ACB-9AB4-D7605B61B2F6}.Release|Any CPU.ActiveCfg = Release|Any CPU
		{C9511937-DAC7-4ACB-9AB4-D7605B61B2F6}.Release|Any CPU.Build.0 = Release|Any CPU
	EndGlobalSection
	GlobalSection(SolutionProperties) = preSolution
		HideSolutionNode = FALSE
	EndGlobalSection
	GlobalSection(NestedProjects) = preSolution
		{B4F233B0-D0CC-49F3-895F-43390C94A450} = {B47F6A9B-F21A-4C1A-B84F-FD2B5640D754}
		{5A73FB2C-5B7F-4E4B-A8E4-B6CDC8D61023} = {A4943239-B9B2-428B-903F-79726855A247}
		{40ECC4AF-70D7-413D-9441-D3A46DFA7578} = {3A812B96-97FD-43FA-AC80-05159601365D}
		{9F562BC2-A58F-4848-9CCA-A59D7745A0B6} = {3A812B96-97FD-43FA-AC80-05159601365D}
		{FDD88953-227D-4B58-AD52-5E31DEB5A182} = {3A812B96-97FD-43FA-AC80-05159601365D}
		{BC8258F4-4ED1-4810-9CAD-BAF3D251BA5E} = {3A812B96-97FD-43FA-AC80-05159601365D}
		{FA7B3DED-5D12-45BF-8DF2-18386C75065B} = {3A812B96-97FD-43FA-AC80-05159601365D}
		{49D2BEF6-B09D-4A94-98B6-08EC9DB77329} = {B47F6A9B-F21A-4C1A-B84F-FD2B5640D754}
		{DB7EADCA-E2AE-498D-A810-0F0DB8AFB5AD} = {B47F6A9B-F21A-4C1A-B84F-FD2B5640D754}
		{4F82FDAE-157F-4E26-8345-9E78400B9E18} = {B47F6A9B-F21A-4C1A-B84F-FD2B5640D754}
		{CF5292B8-222F-4202-9296-6248F91D5233} = {A4943239-B9B2-428B-903F-79726855A247}
		{E3DE8AF3-1AB9-452D-9ADD-3EEDEF0BFE34} = {B47F6A9B-F21A-4C1A-B84F-FD2B5640D754}
		{D03D9C77-8518-47C1-8F2E-D6317F94740A} = {A4943239-B9B2-428B-903F-79726855A247}
		{6AE48DEC-5125-4B97-B629-7F37029B156D} = {A4943239-B9B2-428B-903F-79726855A247}
		{FEE6D154-FD5E-4DCF-939E-AC7B1ABF5F45} = {A4943239-B9B2-428B-903F-79726855A247}
		{DEE4756F-CD3C-4E6A-BFB6-730B214D531E} = {8EB05CEB-119C-4C36-8EBE-40F21DBF24A2}
		{D1257355-0076-4322-9DE9-9E3BFC0E1AFA} = {8EB05CEB-119C-4C36-8EBE-40F21DBF24A2}
		{CD4723F4-D03A-4424-8E4F-EE82B862055E} = {8EB05CEB-119C-4C36-8EBE-40F21DBF24A2}
		{946AABC9-6BAE-4BC4-A377-8E59670072C2} = {8EB05CEB-119C-4C36-8EBE-40F21DBF24A2}
		{699FFEA1-F0A3-467D-AE3A-C2CAFCAB3B39} = {C54C1C35-9C67-4194-8829-FD042CD29FFB}
		{36422E36-AA8E-4F82-AD47-A9F539E7E777} = {C54C1C35-9C67-4194-8829-FD042CD29FFB}
		{C6EDD167-BCB5-4A09-A682-62EBD2678E61} = {C54C1C35-9C67-4194-8829-FD042CD29FFB}
		{C9511937-DAC7-4ACB-9AB4-D7605B61B2F6} = {C54C1C35-9C67-4194-8829-FD042CD29FFB}
	EndGlobalSection
	GlobalSection(ExtensibilityGlobals) = postSolution
		SolutionGuid = {E0F1BA59-B410-4F9C-948D-A2C17C5CD5B6}
	EndGlobalSection
EndGlobal
